// !$*UTF8*$!
{
	archiveVersion = 1;
	classes = {
	};
	objectVersion = 46;
	objects = {

/* Begin PBXFileReference section */
		671A84B21ABD865C0079BE12 /* Functions.playground */ = {isa = PBXFileReference; lastKnownFileType = file.playground; path = Functions.playground; sourceTree = "<group>"; };
		671A84B31ABD88360079BE12 /* Properties.playground */ = {isa = PBXFileReference; lastKnownFileType = file.playground; path = Properties.playground; sourceTree = "<group>"; };
		671A84B41ABD8A040079BE12 /* init.playground */ = {isa = PBXFileReference; lastKnownFileType = file.playground; path = init.playground; sourceTree = "<group>"; };
		671A84B51ABE64B30079BE12 /* Arrays.playground */ = {isa = PBXFileReference; lastKnownFileType = file.playground; path = Arrays.playground; sourceTree = "<group>"; };
		673B72371AB0364E003CFAD7 /* Closures.playground */ = {isa = PBXFileReference; lastKnownFileType = file.playground; path = Closures.playground; sourceTree = "<group>"; };
		673B72381AB040BE003CFAD7 /* PatternMatching.playground */ = {isa = PBXFileReference; lastKnownFileType = file.playground; path = PatternMatching.playground; sourceTree = "<group>"; };
		674727FA1ACB0B92008A0837 /* Memoization.playground */ = {isa = PBXFileReference; lastKnownFileType = file.playground; path = Memoization.playground; sourceTree = "<group>"; };
		674727FB1ACB0FFF008A0837 /* Extensions.playground */ = {isa = PBXFileReference; lastKnownFileType = file.playground; path = Extensions.playground; sourceTree = "<group>"; };
		674727FC1ACB1C42008A0837 /* Protocols.playground */ = {isa = PBXFileReference; lastKnownFileType = file.playground; path = Protocols.playground; sourceTree = "<group>"; };
		674727FD1ACB2044008A0837 /* AdvancedOperators.playground */ = {isa = PBXFileReference; lastKnownFileType = file.playground; path = AdvancedOperators.playground; sourceTree = "<group>"; };
		677602D31ABE669B00D8B247 /* AnyObject.playground */ = {isa = PBXFileReference; lastKnownFileType = file.playground; path = AnyObject.playground; sourceTree = "<group>"; };
		677876151ACBD836003D2731 /* Generics.playground */ = {isa = PBXFileReference; lastKnownFileType = file.playground; path = Generics.playground; sourceTree = "<group>"; };
		677876161ACBE111003D2731 /* Structure.playground */ = {isa = PBXFileReference; lastKnownFileType = file.playground; path = Structure.playground; sourceTree = "<group>"; };
		677876171ACBFA06003D2731 /* Optionals.playground */ = {isa = PBXFileReference; lastKnownFileType = file.playground; path = Optionals.playground; sourceTree = "<group>"; };
		67C1FC211AC07FFA00489937 /* Strings.playground */ = {isa = PBXFileReference; lastKnownFileType = file.playground; path = Strings.playground; sourceTree = "<group>"; };
		67F51A291AB9E5300049B9E0 /* Enumerations.playground */ = {isa = PBXFileReference; lastKnownFileType = file.playground; path = Enumerations.playground; sourceTree = "<group>"; };
/* End PBXFileReference section */

/* Begin PBXGroup section */
		673B72301AB0363D003CFAD7 = {
			isa = PBXGroup;
			children = (
				674727FB1ACB0FFF008A0837 /* Extensions.playground */,
				674727FC1ACB1C42008A0837 /* Protocols.playground */,
				674727FD1ACB2044008A0837 /* AdvancedOperators.playground */,
				677876151ACBD836003D2731 /* Generics.playground */,
				677876161ACBE111003D2731 /* Structure.playground */,
				674727FA1ACB0B92008A0837 /* Memoization.playground */,
				67C1FC211AC07FFA00489937 /* Strings.playground */,
				677602D31ABE669B00D8B247 /* AnyObject.playground */,
				671A84B51ABE64B30079BE12 /* Arrays.playground */,
				671A84B41ABD8A040079BE12 /* init.playground */,
				677876171ACBFA06003D2731 /* Optionals.playground */,
				671A84B31ABD88360079BE12 /* Properties.playground */,
				671A84B21ABD865C0079BE12 /* Functions.playground */,
				67F51A291AB9E5300049B9E0 /* Enumerations.playground */,
				673B72381AB040BE003CFAD7 /* PatternMatching.playground */,
				673B72371AB0364E003CFAD7 /* Closures.playground */,
			);
			sourceTree = "<group>";
		};
/* End PBXGroup section */

/* Begin PBXProject section */
		673B72311AB0363D003CFAD7 /* Project object */ = {
			isa = PBXProject;
			attributes = {
				LastUpgradeCheck = 0620;
			};
			buildConfigurationList = 673B72341AB0363D003CFAD7 /* Build configuration list for PBXProject "SwiftSamples" */;
			compatibilityVersion = "Xcode 3.2";
			developmentRegion = English;
			hasScannedForEncodings = 0;
			knownRegions = (
				en,
			);
			mainGroup = 673B72301AB0363D003CFAD7;
			projectDirPath = "";
			projectRoot = "";
			targets = (
			);
		};
/* End PBXProject section */

/* Begin XCBuildConfiguration section */
		673B72351AB0363D003CFAD7 /* Debug */ = {
			isa = XCBuildConfiguration;
			buildSettings = {
			};
			name = Debug;
		};
		673B72361AB0363D003CFAD7 /* Release */ = {
			isa = XCBuildConfiguration;
			buildSettings = {
			};
			name = Release;
		};
/* End XCBuildConfiguration section */

/* Begin XCConfigurationList section */
		673B72341AB0363D003CFAD7 /* Build configuration list for PBXProject "SwiftSamples" */ = {
			isa = XCConfigurationList;
			buildConfigurations = (
				673B72351AB0363D003CFAD7 /* Debug */,
				673B72361AB0363D003CFAD7 /* Release */,
			);
			defaultConfigurationIsVisible = 0;
			defaultConfigurationName = Release;
		};
/* End XCConfigurationList section */
	};
	rootObject = 673B72311AB0363D003CFAD7 /* Project object */;
}
